<?xml version="1.0" encoding="UTF-8" standalone="yes" ?>
<CodeBlocks_project_file>
	<FileVersion major="1" minor="6" />
	<Project>
		<Option title="Quarto" />
		<Option pch_mode="2" />
		<Option compiler="gcc" />
		<Build>
			<Target title="Debug">
				<Option output="bin/Debug/Quarto" prefix_auto="1" extension_auto="1" />
				<Option object_output="obj/Debug/" />
				<Option type="1" />
				<Option compiler="gcc" />
				<Option use_console_runner="0" />
				<Compiler>
					<Add option="-g" />
					<Add directory="include" />
				</Compiler>
				<Linker>
					<Add library="sfml-graphics" />
					<Add library="sfml-window" />
					<Add library="sfml-system" />
				</Linker>
			</Target>
			<Target title="Release">
				<Option output="bin/Release/Quarto" prefix_auto="1" extension_auto="1" />
				<Option object_output="obj/Release/" />
				<Option type="1" />
				<Option compiler="gcc" />
				<Compiler>
					<Add option="-O2" />
					<Add directory="include" />
				</Compiler>
				<Linker>
					<Add option="-s" />
				</Linker>
			</Target>
		</Build>
		<Compiler>
			<Add option="-Wall" />
			<Add option="-fexceptions" />
		</Compiler>
		<Unit filename="include/Case.h" />
		<Unit filename="include/Pion.h" />
		<Unit filename="include/Plateau.h" />
		<Unit filename="include/SFMLCase.h" />
		<Unit filename="include/SFMLGame.h" />
		<Unit filename="include/SFMLGrid.h" />
		<Unit filename="include/SFMLPion.h" />
		<Unit filename="include/TextureHandler.h" />
		<Unit filename="main.cpp" />
		<Unit filename="src/Case.cpp" />
		<Unit filename="src/Pion.cpp" />
		<Unit filename="src/Plateau.cpp" />
		<Unit filename="src/SFMLCase.cpp" />
		<Unit filename="src/SFMLGame.cpp" />
		<Unit filename="src/SFMLGrid.cpp" />
		<Unit filename="src/SFMLPion.cpp" />
		<Unit filename="src/TextureHandler.cpp" />
		<Extensions>
			<code_completion />
			<envvars />
			<debugger />
			<lib_finder disable_auto="1" />
		</Extensions>
	</Project>
</CodeBlocks_project_file>
